// !$*UTF8*$!
{
	archiveVersion = 1;
	classes = {
	};
	objectVersion = 51;
	objects = {

/* Begin PBXBuildFile section */
		15BDCC587275660376581F1C /* Pods_SportApp.framework in Frameworks */ = {isa = PBXBuildFile; fileRef = 291F7BB92776526A2B8FFDA0 /* Pods_SportApp.framework */; };
		810E874327B2B6AA00DFCC51 /* UpcomingCell.swift in Sources */ = {isa = PBXBuildFile; fileRef = 810E874227B2B6AA00DFCC51 /* UpcomingCell.swift */; };
		8116EDCD27A99BC000C1B456 /* APIService.swift in Sources */ = {isa = PBXBuildFile; fileRef = 8116EDCC27A99BC000C1B456 /* APIService.swift */; };
		8116EDD127A99FBC00C1B456 /* HomePresenter.swift in Sources */ = {isa = PBXBuildFile; fileRef = 8116EDD027A99FBC00C1B456 /* HomePresenter.swift */; };
		811EAFF827A9BBE9008226F3 /* LeaguesPresenter.swift in Sources */ = {isa = PBXBuildFile; fileRef = 811EAFF727A9BBE9008226F3 /* LeaguesPresenter.swift */; };
		811EAFFA27A9BC32008226F3 /* LeaguesVC.swift in Sources */ = {isa = PBXBuildFile; fileRef = 811EAFF927A9BC32008226F3 /* LeaguesVC.swift */; };
		811EAFFE27A9D410008226F3 /* LeaguesData.swift in Sources */ = {isa = PBXBuildFile; fileRef = 811EAFFD27A9D410008226F3 /* LeaguesData.swift */; };
		812F089F27B6AACB0076F1FD /* NetworkMonitor.swift in Sources */ = {isa = PBXBuildFile; fileRef = 812F089E27B6AACB0076F1FD /* NetworkMonitor.swift */; };
		817D284F27A4B92200406AE2 /* FavouritesVC.swift in Sources */ = {isa = PBXBuildFile; fileRef = 817D284E27A4B92200406AE2 /* FavouritesVC.swift */; };
		817D285127A4B95B00406AE2 /* LeagueCell.swift in Sources */ = {isa = PBXBuildFile; fileRef = 817D285027A4B95B00406AE2 /* LeagueCell.swift */; };
		81C93CE827B2F4620003EB52 /* LatestCell.swift in Sources */ = {isa = PBXBuildFile; fileRef = 81C93CE727B2F4620003EB52 /* LatestCell.swift */; };
		81C93CEB27B309710003EB52 /* FavouritesCoredata.xcdatamodeld in Sources */ = {isa = PBXBuildFile; fileRef = 81C93CE927B309710003EB52 /* FavouritesCoredata.xcdatamodeld */; };
		81C93CED27B30D3F0003EB52 /* CoredataManager.swift in Sources */ = {isa = PBXBuildFile; fileRef = 81C93CEC27B30D3F0003EB52 /* CoredataManager.swift */; };
		81C93CF227B3184B0003EB52 /* FavouritesPresenter.swift in Sources */ = {isa = PBXBuildFile; fileRef = 81C93CF127B3184B0003EB52 /* FavouritesPresenter.swift */; };
		81D6413427AF13DD00094E36 /* SportsData.swift in Sources */ = {isa = PBXBuildFile; fileRef = 81D6413327AF13DD00094E36 /* SportsData.swift */; };
		81D6413A27AF1D6100094E36 /* LeaguesDetailsVC.swift in Sources */ = {isa = PBXBuildFile; fileRef = 81D6413927AF1D6100094E36 /* LeaguesDetailsVC.swift */; };
		81D6414427AF25ED00094E36 /* LeaguesDetailsPresenter.swift in Sources */ = {isa = PBXBuildFile; fileRef = 81D6414327AF25ED00094E36 /* LeaguesDetailsPresenter.swift */; };
		81DADB3C27A4094300543B4C /* AppDelegate.swift in Sources */ = {isa = PBXBuildFile; fileRef = 81DADB3B27A4094300543B4C /* AppDelegate.swift */; };
		81DADB3E27A4094300543B4C /* SceneDelegate.swift in Sources */ = {isa = PBXBuildFile; fileRef = 81DADB3D27A4094300543B4C /* SceneDelegate.swift */; };
		81DADB4027A4094300543B4C /* ViewController.swift in Sources */ = {isa = PBXBuildFile; fileRef = 81DADB3F27A4094300543B4C /* ViewController.swift */; };
		81DADB4327A4094300543B4C /* Main.storyboard in Resources */ = {isa = PBXBuildFile; fileRef = 81DADB4127A4094300543B4C /* Main.storyboard */; };
		81DADB4527A4094500543B4C /* Assets.xcassets in Resources */ = {isa = PBXBuildFile; fileRef = 81DADB4427A4094500543B4C /* Assets.xcassets */; };
		81DADB4827A4094500543B4C /* LaunchScreen.storyboard in Resources */ = {isa = PBXBuildFile; fileRef = 81DADB4627A4094500543B4C /* LaunchScreen.storyboard */; };
		81DADB5827A40C4A00543B4C /* HomeVC.swift in Sources */ = {isa = PBXBuildFile; fileRef = 81DADB5727A40C4A00543B4C /* HomeVC.swift */; };
		81DADB5C27A40FBC00543B4C /* HomeCollectionCell.swift in Sources */ = {isa = PBXBuildFile; fileRef = 81DADB5B27A40FBC00543B4C /* HomeCollectionCell.swift */; };
		81DEEF8B27B075A600E7D464 /* TeamsCell.swift in Sources */ = {isa = PBXBuildFile; fileRef = 81DEEF8A27B075A600E7D464 /* TeamsCell.swift */; };
		81DEEF9327B084F100E7D464 /* TeamDetailsVC.swift in Sources */ = {isa = PBXBuildFile; fileRef = 81DEEF9227B084F100E7D464 /* TeamDetailsVC.swift */; };
		81EDEE7C27B5F83E005E5959 /* RouterFavourites.swift in Sources */ = {isa = PBXBuildFile; fileRef = 81EDEE7B27B5F83E005E5959 /* RouterFavourites.swift */; };
		CA3B650627B29B9900B488A6 /* EventsData.swift in Sources */ = {isa = PBXBuildFile; fileRef = CA3B650527B29B9900B488A6 /* EventsData.swift */; };
		CA50D22527AF4104007F9D5C /* TeamsData.swift in Sources */ = {isa = PBXBuildFile; fileRef = CA50D22427AF4104007F9D5C /* TeamsData.swift */; };
		CA50D22727AF4408007F9D5C /* RouterDetails.swift in Sources */ = {isa = PBXBuildFile; fileRef = CA50D22627AF4408007F9D5C /* RouterDetails.swift */; };
		CA51613327B1CC3F005BCDA5 /* RouterTeamDetails.swift in Sources */ = {isa = PBXBuildFile; fileRef = CA51613227B1CC3F005BCDA5 /* RouterTeamDetails.swift */; };
		CA51613527B1CCCA005BCDA5 /* TeamDetailsPresenter.swift in Sources */ = {isa = PBXBuildFile; fileRef = CA51613427B1CCCA005BCDA5 /* TeamDetailsPresenter.swift */; };
		CA58AF3427B69FBF00D481A2 /* SportAppTests.swift in Sources */ = {isa = PBXBuildFile; fileRef = CA58AF3327B69FBF00D481A2 /* SportAppTests.swift */; };
		CA6450C527AAB90B00451A84 /* LightColors.jpeg in Resources */ = {isa = PBXBuildFile; fileRef = CA6450C427AAB90B00451A84 /* LightColors.jpeg */; };
		CA6450C727AAB93700451A84 /* DarkColors.jpeg in Resources */ = {isa = PBXBuildFile; fileRef = CA6450C627AAB93700451A84 /* DarkColors.jpeg */; };
		CA6D625327ABEAC00043A92E /* APIServiceProtocol.swift in Sources */ = {isa = PBXBuildFile; fileRef = CA6D625227ABEAC00043A92E /* APIServiceProtocol.swift */; };
		CA6D625727ABF58D0043A92E /* APILinks.swift in Sources */ = {isa = PBXBuildFile; fileRef = CA6D625627ABF58D0043A92E /* APILinks.swift */; };
		CAB7C2DB27AD7E4A001A2A32 /* Router.swift in Sources */ = {isa = PBXBuildFile; fileRef = CAB7C2DA27AD7E4A001A2A32 /* Router.swift */; };
/* End PBXBuildFile section */

/* Begin PBXContainerItemProxy section */
		CA58AF3627B69FBF00D481A2 /* PBXContainerItemProxy */ = {
			isa = PBXContainerItemProxy;
			containerPortal = 81DADB3027A4094300543B4C /* Project object */;
			proxyType = 1;
			remoteGlobalIDString = 81DADB3727A4094300543B4C;
			remoteInfo = SportApp;
		};
/* End PBXContainerItemProxy section */

/* Begin PBXFileReference section */
		291F7BB92776526A2B8FFDA0 /* Pods_SportApp.framework */ = {isa = PBXFileReference; explicitFileType = wrapper.framework; includeInIndex = 0; path = Pods_SportApp.framework; sourceTree = BUILT_PRODUCTS_DIR; };
		7B016C512A8B38D2903E198B /* Pods-SportApp.debug.xcconfig */ = {isa = PBXFileReference; includeInIndex = 1; lastKnownFileType = text.xcconfig; name = "Pods-SportApp.debug.xcconfig"; path = "Target Support Files/Pods-SportApp/Pods-SportApp.debug.xcconfig"; sourceTree = "<group>"; };
		810E874227B2B6AA00DFCC51 /* UpcomingCell.swift */ = {isa = PBXFileReference; lastKnownFileType = sourcecode.swift; path = UpcomingCell.swift; sourceTree = "<group>"; };
		8116EDCC27A99BC000C1B456 /* APIService.swift */ = {isa = PBXFileReference; lastKnownFileType = sourcecode.swift; path = APIService.swift; sourceTree = "<group>"; };
		8116EDD027A99FBC00C1B456 /* HomePresenter.swift */ = {isa = PBXFileReference; lastKnownFileType = sourcecode.swift; path = HomePresenter.swift; sourceTree = "<group>"; };
		811EAFF727A9BBE9008226F3 /* LeaguesPresenter.swift */ = {isa = PBXFileReference; lastKnownFileType = sourcecode.swift; path = LeaguesPresenter.swift; sourceTree = "<group>"; };
		811EAFF927A9BC32008226F3 /* LeaguesVC.swift */ = {isa = PBXFileReference; lastKnownFileType = sourcecode.swift; path = LeaguesVC.swift; sourceTree = "<group>"; };
		811EAFFD27A9D410008226F3 /* LeaguesData.swift */ = {isa = PBXFileReference; lastKnownFileType = sourcecode.swift; path = LeaguesData.swift; sourceTree = "<group>"; };
		812F089E27B6AACB0076F1FD /* NetworkMonitor.swift */ = {isa = PBXFileReference; lastKnownFileType = sourcecode.swift; path = NetworkMonitor.swift; sourceTree = "<group>"; };
		817D284E27A4B92200406AE2 /* FavouritesVC.swift */ = {isa = PBXFileReference; lastKnownFileType = sourcecode.swift; path = FavouritesVC.swift; sourceTree = "<group>"; };
		817D285027A4B95B00406AE2 /* LeagueCell.swift */ = {isa = PBXFileReference; lastKnownFileType = sourcecode.swift; path = LeagueCell.swift; sourceTree = "<group>"; };
		81C93CE727B2F4620003EB52 /* LatestCell.swift */ = {isa = PBXFileReference; lastKnownFileType = sourcecode.swift; path = LatestCell.swift; sourceTree = "<group>"; };
		81C93CEA27B309710003EB52 /* FavouritesCoredata.xcdatamodel */ = {isa = PBXFileReference; lastKnownFileType = wrapper.xcdatamodel; path = FavouritesCoredata.xcdatamodel; sourceTree = "<group>"; };
		81C93CEC27B30D3F0003EB52 /* CoredataManager.swift */ = {isa = PBXFileReference; lastKnownFileType = sourcecode.swift; path = CoredataManager.swift; sourceTree = "<group>"; };
		81C93CF127B3184B0003EB52 /* FavouritesPresenter.swift */ = {isa = PBXFileReference; lastKnownFileType = sourcecode.swift; path = FavouritesPresenter.swift; sourceTree = "<group>"; };
		81D6413327AF13DD00094E36 /* SportsData.swift */ = {isa = PBXFileReference; lastKnownFileType = sourcecode.swift; path = SportsData.swift; sourceTree = "<group>"; };
		81D6413927AF1D6100094E36 /* LeaguesDetailsVC.swift */ = {isa = PBXFileReference; lastKnownFileType = sourcecode.swift; path = LeaguesDetailsVC.swift; sourceTree = "<group>"; };
		81D6414327AF25ED00094E36 /* LeaguesDetailsPresenter.swift */ = {isa = PBXFileReference; lastKnownFileType = sourcecode.swift; path = LeaguesDetailsPresenter.swift; sourceTree = "<group>"; };
		81DADB3827A4094300543B4C /* SportApp.app */ = {isa = PBXFileReference; explicitFileType = wrapper.application; includeInIndex = 0; path = SportApp.app; sourceTree = BUILT_PRODUCTS_DIR; };
		81DADB3B27A4094300543B4C /* AppDelegate.swift */ = {isa = PBXFileReference; lastKnownFileType = sourcecode.swift; path = AppDelegate.swift; sourceTree = "<group>"; };
		81DADB3D27A4094300543B4C /* SceneDelegate.swift */ = {isa = PBXFileReference; lastKnownFileType = sourcecode.swift; path = SceneDelegate.swift; sourceTree = "<group>"; };
		81DADB3F27A4094300543B4C /* ViewController.swift */ = {isa = PBXFileReference; lastKnownFileType = sourcecode.swift; path = ViewController.swift; sourceTree = "<group>"; };
		81DADB4227A4094300543B4C /* Base */ = {isa = PBXFileReference; lastKnownFileType = file.storyboard; name = Base; path = Base.lproj/Main.storyboard; sourceTree = "<group>"; };
		81DADB4427A4094500543B4C /* Assets.xcassets */ = {isa = PBXFileReference; lastKnownFileType = folder.assetcatalog; path = Assets.xcassets; sourceTree = "<group>"; };
		81DADB4727A4094500543B4C /* Base */ = {isa = PBXFileReference; lastKnownFileType = file.storyboard; name = Base; path = Base.lproj/LaunchScreen.storyboard; sourceTree = "<group>"; };
		81DADB4927A4094500543B4C /* Info.plist */ = {isa = PBXFileReference; lastKnownFileType = text.plist.xml; path = Info.plist; sourceTree = "<group>"; };
		81DADB5727A40C4A00543B4C /* HomeVC.swift */ = {isa = PBXFileReference; lastKnownFileType = sourcecode.swift; path = HomeVC.swift; sourceTree = "<group>"; };
		81DADB5B27A40FBC00543B4C /* HomeCollectionCell.swift */ = {isa = PBXFileReference; lastKnownFileType = sourcecode.swift; path = HomeCollectionCell.swift; sourceTree = "<group>"; };
		81DEEF8A27B075A600E7D464 /* TeamsCell.swift */ = {isa = PBXFileReference; lastKnownFileType = sourcecode.swift; path = TeamsCell.swift; sourceTree = "<group>"; };
		81DEEF9227B084F100E7D464 /* TeamDetailsVC.swift */ = {isa = PBXFileReference; lastKnownFileType = sourcecode.swift; path = TeamDetailsVC.swift; sourceTree = "<group>"; };
		81EDEE7B27B5F83E005E5959 /* RouterFavourites.swift */ = {isa = PBXFileReference; lastKnownFileType = sourcecode.swift; name = RouterFavourites.swift; path = SportApp/Module/Favourites/Presenter/RouterFavourites.swift; sourceTree = SOURCE_ROOT; };
		BE72577204D785A53D9F49E6 /* Pods-SportApp.release.xcconfig */ = {isa = PBXFileReference; includeInIndex = 1; lastKnownFileType = text.xcconfig; name = "Pods-SportApp.release.xcconfig"; path = "Target Support Files/Pods-SportApp/Pods-SportApp.release.xcconfig"; sourceTree = "<group>"; };
		CA3B650527B29B9900B488A6 /* EventsData.swift */ = {isa = PBXFileReference; lastKnownFileType = sourcecode.swift; path = EventsData.swift; sourceTree = "<group>"; };
		CA50D22427AF4104007F9D5C /* TeamsData.swift */ = {isa = PBXFileReference; lastKnownFileType = sourcecode.swift; path = TeamsData.swift; sourceTree = "<group>"; };
		CA50D22627AF4408007F9D5C /* RouterDetails.swift */ = {isa = PBXFileReference; lastKnownFileType = sourcecode.swift; path = RouterDetails.swift; sourceTree = "<group>"; };
		CA51613227B1CC3F005BCDA5 /* RouterTeamDetails.swift */ = {isa = PBXFileReference; lastKnownFileType = sourcecode.swift; path = RouterTeamDetails.swift; sourceTree = "<group>"; };
		CA51613427B1CCCA005BCDA5 /* TeamDetailsPresenter.swift */ = {isa = PBXFileReference; lastKnownFileType = sourcecode.swift; name = TeamDetailsPresenter.swift; path = SportApp/Module/TeamDetails/View/TeamDetailsPresenter.swift; sourceTree = SOURCE_ROOT; };
		CA58AF3127B69FBF00D481A2 /* SportAppTests.xctest */ = {isa = PBXFileReference; explicitFileType = wrapper.cfbundle; includeInIndex = 0; path = SportAppTests.xctest; sourceTree = BUILT_PRODUCTS_DIR; };
		CA58AF3327B69FBF00D481A2 /* SportAppTests.swift */ = {isa = PBXFileReference; lastKnownFileType = sourcecode.swift; path = SportAppTests.swift; sourceTree = "<group>"; };
		CA58AF3527B69FBF00D481A2 /* Info.plist */ = {isa = PBXFileReference; lastKnownFileType = text.plist.xml; path = Info.plist; sourceTree = "<group>"; };
		CA6450C427AAB90B00451A84 /* LightColors.jpeg */ = {isa = PBXFileReference; lastKnownFileType = image.jpeg; path = LightColors.jpeg; sourceTree = "<group>"; };
		CA6450C627AAB93700451A84 /* DarkColors.jpeg */ = {isa = PBXFileReference; lastKnownFileType = image.jpeg; path = DarkColors.jpeg; sourceTree = "<group>"; };
		CA6D625227ABEAC00043A92E /* APIServiceProtocol.swift */ = {isa = PBXFileReference; lastKnownFileType = sourcecode.swift; path = APIServiceProtocol.swift; sourceTree = "<group>"; };
		CA6D625627ABF58D0043A92E /* APILinks.swift */ = {isa = PBXFileReference; lastKnownFileType = sourcecode.swift; path = APILinks.swift; sourceTree = "<group>"; };
		CAB7C2DA27AD7E4A001A2A32 /* Router.swift */ = {isa = PBXFileReference; lastKnownFileType = sourcecode.swift; path = Router.swift; sourceTree = "<group>"; };
/* End PBXFileReference section */

/* Begin PBXFrameworksBuildPhase section */
		81DADB3527A4094300543B4C /* Frameworks */ = {
			isa = PBXFrameworksBuildPhase;
			buildActionMask = 2147483647;
			files = (
				15BDCC587275660376581F1C /* Pods_SportApp.framework in Frameworks */,
			);
			runOnlyForDeploymentPostprocessing = 0;
		};
		CA58AF2E27B69FBF00D481A2 /* Frameworks */ = {
			isa = PBXFrameworksBuildPhase;
			buildActionMask = 2147483647;
			files = (
			);
			runOnlyForDeploymentPostprocessing = 0;
		};
/* End PBXFrameworksBuildPhase section */

/* Begin PBXGroup section */
		52155FE5AF957013D7596FDD /* Pods */ = {
			isa = PBXGroup;
			children = (
				7B016C512A8B38D2903E198B /* Pods-SportApp.debug.xcconfig */,
				BE72577204D785A53D9F49E6 /* Pods-SportApp.release.xcconfig */,
			);
			path = Pods;
			sourceTree = "<group>";
		};
		811EAFF327A9BB7D008226F3 /* Leagues */ = {
			isa = PBXGroup;
			children = (
				811EAFF627A9BBC2008226F3 /* Model */,
				811EAFF527A9BBB6008226F3 /* Presenter */,
				811EAFF427A9BBAD008226F3 /* View */,
			);
			path = Leagues;
			sourceTree = "<group>";
		};
		811EAFF427A9BBAD008226F3 /* View */ = {
			isa = PBXGroup;
			children = (
				811EAFF927A9BC32008226F3 /* LeaguesVC.swift */,
			);
			path = View;
			sourceTree = "<group>";
		};
		811EAFF527A9BBB6008226F3 /* Presenter */ = {
			isa = PBXGroup;
			children = (
				811EAFF727A9BBE9008226F3 /* LeaguesPresenter.swift */,
			);
			path = Presenter;
			sourceTree = "<group>";
		};
		811EAFF627A9BBC2008226F3 /* Model */ = {
			isa = PBXGroup;
			children = (
				811EAFFD27A9D410008226F3 /* LeaguesData.swift */,
				CAB7C2DA27AD7E4A001A2A32 /* Router.swift */,
			);
			path = Model;
			sourceTree = "<group>";
		};
		817D284A27A4B63900406AE2 /* Favourites */ = {
			isa = PBXGroup;
			children = (
				817D284B27A4B64900406AE2 /* Model */,
				81C93CF027B3182D0003EB52 /* Presenter */,
				817D284D27A4B65B00406AE2 /* View */,
			);
			path = Favourites;
			sourceTree = "<group>";
		};
		817D284B27A4B64900406AE2 /* Model */ = {
			isa = PBXGroup;
			children = (
				81EDEE7B27B5F83E005E5959 /* RouterFavourites.swift */,
			);
			path = Model;
			sourceTree = "<group>";
		};
		817D284D27A4B65B00406AE2 /* View */ = {
			isa = PBXGroup;
			children = (
				817D285027A4B95B00406AE2 /* LeagueCell.swift */,
				817D284E27A4B92200406AE2 /* FavouritesVC.swift */,
			);
			path = View;
			sourceTree = "<group>";
		};
		81C93CF027B3182D0003EB52 /* Presenter */ = {
			isa = PBXGroup;
			children = (
				81C93CF127B3184B0003EB52 /* FavouritesPresenter.swift */,
			);
			path = Presenter;
			sourceTree = "<group>";
		};
		81D6413527AF1C3900094E36 /* LeaguesDetails */ = {
			isa = PBXGroup;
			children = (
				CA50D22327AF40ED007F9D5C /* Model */,
				81D6413727AF1C6000094E36 /* Presenter */,
				81D6413827AF1C7400094E36 /* View */,
			);
			path = LeaguesDetails;
			sourceTree = "<group>";
		};
		81D6413727AF1C6000094E36 /* Presenter */ = {
			isa = PBXGroup;
			children = (
				81D6414327AF25ED00094E36 /* LeaguesDetailsPresenter.swift */,
			);
			path = Presenter;
			sourceTree = "<group>";
		};
		81D6413827AF1C7400094E36 /* View */ = {
			isa = PBXGroup;
			children = (
				81D6413927AF1D6100094E36 /* LeaguesDetailsVC.swift */,
				810E874227B2B6AA00DFCC51 /* UpcomingCell.swift */,
				81C93CE727B2F4620003EB52 /* LatestCell.swift */,
				81DEEF8A27B075A600E7D464 /* TeamsCell.swift */,
			);
			path = View;
			sourceTree = "<group>";
		};
		81DADB2F27A4094300543B4C = {
			isa = PBXGroup;
			children = (
				81DADB3A27A4094300543B4C /* SportApp */,
				CA58AF3227B69FBF00D481A2 /* SportAppTests */,
				81DADB3927A4094300543B4C /* Products */,
				52155FE5AF957013D7596FDD /* Pods */,
				96FB2DF13F6CF849668425A7 /* Frameworks */,
			);
			sourceTree = "<group>";
		};
		81DADB3927A4094300543B4C /* Products */ = {
			isa = PBXGroup;
			children = (
				81DADB3827A4094300543B4C /* SportApp.app */,
				CA58AF3127B69FBF00D481A2 /* SportAppTests.xctest */,
			);
			name = Products;
			sourceTree = "<group>";
		};
		81DADB3A27A4094300543B4C /* SportApp */ = {
			isa = PBXGroup;
			children = (
				81DADB5127A4097700543B4C /* Model */,
				81DADB5027A4096100543B4C /* Module */,
				81DADB4F27A4095400543B4C /* View */,
				81DADB3B27A4094300543B4C /* AppDelegate.swift */,
				81DADB3D27A4094300543B4C /* SceneDelegate.swift */,
				81DADB3F27A4094300543B4C /* ViewController.swift */,
				81DADB4427A4094500543B4C /* Assets.xcassets */,
				CA6450C327AAB8E000451A84 /* Colors */,
				81DADB4927A4094500543B4C /* Info.plist */,
			);
			path = SportApp;
			sourceTree = "<group>";
		};
		81DADB4F27A4095400543B4C /* View */ = {
			isa = PBXGroup;
			children = (
				81DADB4127A4094300543B4C /* Main.storyboard */,
				81DADB4627A4094500543B4C /* LaunchScreen.storyboard */,
			);
			path = View;
			sourceTree = "<group>";
		};
		81DADB5027A4096100543B4C /* Module */ = {
			isa = PBXGroup;
			children = (
				81DEEF8E27B0849A00E7D464 /* TeamDetails */,
				81D6413527AF1C3900094E36 /* LeaguesDetails */,
				811EAFF327A9BB7D008226F3 /* Leagues */,
				817D284A27A4B63900406AE2 /* Favourites */,
				81DADB5227A4098500543B4C /* Home */,
			);
			path = Module;
			sourceTree = "<group>";
		};
		81DADB5127A4097700543B4C /* Model */ = {
			isa = PBXGroup;
			children = (
				81C93CE927B309710003EB52 /* FavouritesCoredata.xcdatamodeld */,
				81C93CEC27B30D3F0003EB52 /* CoredataManager.swift */,
				8116EDCC27A99BC000C1B456 /* APIService.swift */,
				CA6D625227ABEAC00043A92E /* APIServiceProtocol.swift */,
				CA6D625627ABF58D0043A92E /* APILinks.swift */,
				812F089E27B6AACB0076F1FD /* NetworkMonitor.swift */,
			);
			path = Model;
			sourceTree = "<group>";
		};
		81DADB5227A4098500543B4C /* Home */ = {
			isa = PBXGroup;
			children = (
				81DADB5627A409CA00543B4C /* Model */,
				81DADB5327A4099F00543B4C /* Presenter */,
				81DADB5527A409B300543B4C /* View */,
			);
			path = Home;
			sourceTree = "<group>";
		};
		81DADB5327A4099F00543B4C /* Presenter */ = {
			isa = PBXGroup;
			children = (
				8116EDD027A99FBC00C1B456 /* HomePresenter.swift */,
			);
			path = Presenter;
			sourceTree = "<group>";
		};
		81DADB5527A409B300543B4C /* View */ = {
			isa = PBXGroup;
			children = (
				81DADB5727A40C4A00543B4C /* HomeVC.swift */,
				81DADB5B27A40FBC00543B4C /* HomeCollectionCell.swift */,
			);
			path = View;
			sourceTree = "<group>";
		};
		81DADB5627A409CA00543B4C /* Model */ = {
			isa = PBXGroup;
			children = (
				81D6413327AF13DD00094E36 /* SportsData.swift */,
			);
			path = Model;
			sourceTree = "<group>";
		};
		81DEEF8E27B0849A00E7D464 /* TeamDetails */ = {
			isa = PBXGroup;
			children = (
				CA51612F27B1CC0B005BCDA5 /* Model */,
				CA51613027B1CC15005BCDA5 /* Presenter */,
				81DEEF8F27B084B100E7D464 /* View */,
			);
			path = TeamDetails;
			sourceTree = "<group>";
		};
		81DEEF8F27B084B100E7D464 /* View */ = {
			isa = PBXGroup;
			children = (
				81DEEF9227B084F100E7D464 /* TeamDetailsVC.swift */,
			);
			path = View;
			sourceTree = "<group>";
		};
		96FB2DF13F6CF849668425A7 /* Frameworks */ = {
			isa = PBXGroup;
			children = (
				291F7BB92776526A2B8FFDA0 /* Pods_SportApp.framework */,
			);
			name = Frameworks;
			sourceTree = "<group>";
		};
		CA50D22327AF40ED007F9D5C /* Model */ = {
			isa = PBXGroup;
			children = (
				CA50D22427AF4104007F9D5C /* TeamsData.swift */,
				CA50D22627AF4408007F9D5C /* RouterDetails.swift */,
				CA3B650527B29B9900B488A6 /* EventsData.swift */,
			);
			path = Model;
			sourceTree = "<group>";
		};
		CA51612F27B1CC0B005BCDA5 /* Model */ = {
			isa = PBXGroup;
			children = (
				CA51613227B1CC3F005BCDA5 /* RouterTeamDetails.swift */,
			);
			path = Model;
			sourceTree = "<group>";
		};
		CA51613027B1CC15005BCDA5 /* Presenter */ = {
			isa = PBXGroup;
			children = (
				CA51613427B1CCCA005BCDA5 /* TeamDetailsPresenter.swift */,
			);
			path = Presenter;
			sourceTree = "<group>";
		};
		CA58AF3227B69FBF00D481A2 /* SportAppTests */ = {
			isa = PBXGroup;
			children = (
				CA58AF3327B69FBF00D481A2 /* SportAppTests.swift */,
				CA58AF3527B69FBF00D481A2 /* Info.plist */,
			);
			path = SportAppTests;
			sourceTree = "<group>";
		};
		CA6450C327AAB8E000451A84 /* Colors */ = {
			isa = PBXGroup;
			children = (
				CA6450C627AAB93700451A84 /* DarkColors.jpeg */,
				CA6450C427AAB90B00451A84 /* LightColors.jpeg */,
			);
			path = Colors;
			sourceTree = "<group>";
		};
/* End PBXGroup section */

/* Begin PBXNativeTarget section */
		81DADB3727A4094300543B4C /* SportApp */ = {
			isa = PBXNativeTarget;
			buildConfigurationList = 81DADB4C27A4094500543B4C /* Build configuration list for PBXNativeTarget "SportApp" */;
			buildPhases = (
				12769FF226156A53D90B93C8 /* [CP] Check Pods Manifest.lock */,
				81DADB3427A4094300543B4C /* Sources */,
				81DADB3527A4094300543B4C /* Frameworks */,
				81DADB3627A4094300543B4C /* Resources */,
				A3ADFC9D730EFD9F9FF322B4 /* [CP] Embed Pods Frameworks */,
			);
			buildRules = (
			);
			dependencies = (
			);
			name = SportApp;
			productName = SportApp;
			productReference = 81DADB3827A4094300543B4C /* SportApp.app */;
			productType = "com.apple.product-type.application";
		};
		CA58AF3027B69FBF00D481A2 /* SportAppTests */ = {
			isa = PBXNativeTarget;
			buildConfigurationList = CA58AF3A27B69FBF00D481A2 /* Build configuration list for PBXNativeTarget "SportAppTests" */;
			buildPhases = (
				CA58AF2D27B69FBF00D481A2 /* Sources */,
				CA58AF2E27B69FBF00D481A2 /* Frameworks */,
				CA58AF2F27B69FBF00D481A2 /* Resources */,
			);
			buildRules = (
			);
			dependencies = (
				CA58AF3727B69FBF00D481A2 /* PBXTargetDependency */,
			);
			name = SportAppTests;
			productName = SportAppTests;
			productReference = CA58AF3127B69FBF00D481A2 /* SportAppTests.xctest */;
			productType = "com.apple.product-type.bundle.unit-test";
		};
/* End PBXNativeTarget section */

/* Begin PBXProject section */
		81DADB3027A4094300543B4C /* Project object */ = {
			isa = PBXProject;
			attributes = {
				LastSwiftUpdateCheck = 1150;
				LastUpgradeCheck = 1150;
				ORGANIZATIONNAME = EmyAbobakr;
				TargetAttributes = {
					81DADB3727A4094300543B4C = {
						CreatedOnToolsVersion = 11.5;
					};
					CA58AF3027B69FBF00D481A2 = {
						CreatedOnToolsVersion = 11.5;
						TestTargetID = 81DADB3727A4094300543B4C;
					};
				};
			};
			buildConfigurationList = 81DADB3327A4094300543B4C /* Build configuration list for PBXProject "SportApp" */;
			compatibilityVersion = "Xcode 9.3";
			developmentRegion = en;
			hasScannedForEncodings = 0;
			knownRegions = (
				en,
				Base,
			);
			mainGroup = 81DADB2F27A4094300543B4C;
			productRefGroup = 81DADB3927A4094300543B4C /* Products */;
			projectDirPath = "";
			projectRoot = "";
			targets = (
				81DADB3727A4094300543B4C /* SportApp */,
				CA58AF3027B69FBF00D481A2 /* SportAppTests */,
			);
		};
/* End PBXProject section */

/* Begin PBXResourcesBuildPhase section */
		81DADB3627A4094300543B4C /* Resources */ = {
			isa = PBXResourcesBuildPhase;
			buildActionMask = 2147483647;
			files = (
				81DADB4827A4094500543B4C /* LaunchScreen.storyboard in Resources */,
				81DADB4527A4094500543B4C /* Assets.xcassets in Resources */,
				81DADB4327A4094300543B4C /* Main.storyboard in Resources */,
				CA6450C727AAB93700451A84 /* DarkColors.jpeg in Resources */,
				CA6450C527AAB90B00451A84 /* LightColors.jpeg in Resources */,
			);
			runOnlyForDeploymentPostprocessing = 0;
		};
		CA58AF2F27B69FBF00D481A2 /* Resources */ = {
			isa = PBXResourcesBuildPhase;
			buildActionMask = 2147483647;
			files = (
			);
			runOnlyForDeploymentPostprocessing = 0;
		};
/* End PBXResourcesBuildPhase section */

/* Begin PBXShellScriptBuildPhase section */
		12769FF226156A53D90B93C8 /* [CP] Check Pods Manifest.lock */ = {
			isa = PBXShellScriptBuildPhase;
			buildActionMask = 2147483647;
			files = (
			);
			inputFileListPaths = (
			);
			inputPaths = (
				"${PODS_PODFILE_DIR_PATH}/Podfile.lock",
				"${PODS_ROOT}/Manifest.lock",
			);
			name = "[CP] Check Pods Manifest.lock";
			outputFileListPaths = (
			);
			outputPaths = (
				"$(DERIVED_FILE_DIR)/Pods-SportApp-checkManifestLockResult.txt",
			);
			runOnlyForDeploymentPostprocessing = 0;
			shellPath = /bin/sh;
			shellScript = "diff \"${PODS_PODFILE_DIR_PATH}/Podfile.lock\" \"${PODS_ROOT}/Manifest.lock\" > /dev/null\nif [ $? != 0 ] ; then\n    # print error to STDERR\n    echo \"error: The sandbox is not in sync with the Podfile.lock. Run 'pod install' or update your CocoaPods installation.\" >&2\n    exit 1\nfi\n# This output is used by Xcode 'outputs' to avoid re-running this script phase.\necho \"SUCCESS\" > \"${SCRIPT_OUTPUT_FILE_0}\"\n";
			showEnvVarsInLog = 0;
		};
		A3ADFC9D730EFD9F9FF322B4 /* [CP] Embed Pods Frameworks */ = {
			isa = PBXShellScriptBuildPhase;
			buildActionMask = 2147483647;
			files = (
			);
			inputFileListPaths = (
				"${PODS_ROOT}/Target Support Files/Pods-SportApp/Pods-SportApp-frameworks-${CONFIGURATION}-input-files.xcfilelist",
			);
			name = "[CP] Embed Pods Frameworks";
			outputFileListPaths = (
				"${PODS_ROOT}/Target Support Files/Pods-SportApp/Pods-SportApp-frameworks-${CONFIGURATION}-output-files.xcfilelist",
			);
			runOnlyForDeploymentPostprocessing = 0;
			shellPath = /bin/sh;
			shellScript = "\"${PODS_ROOT}/Target Support Files/Pods-SportApp/Pods-SportApp-frameworks.sh\"\n";
			showEnvVarsInLog = 0;
		};
/* End PBXShellScriptBuildPhase section */

/* Begin PBXSourcesBuildPhase section */
		81DADB3427A4094300543B4C /* Sources */ = {
			isa = PBXSourcesBuildPhase;
			buildActionMask = 2147483647;
			files = (
				81DEEF9327B084F100E7D464 /* TeamDetailsVC.swift in Sources */,
				81DADB5C27A40FBC00543B4C /* HomeCollectionCell.swift in Sources */,
				81C93CE827B2F4620003EB52 /* LatestCell.swift in Sources */,
				811EAFF827A9BBE9008226F3 /* LeaguesPresenter.swift in Sources */,
				CA6D625327ABEAC00043A92E /* APIServiceProtocol.swift in Sources */,
				CA50D22727AF4408007F9D5C /* RouterDetails.swift in Sources */,
				81C93CEB27B309710003EB52 /* FavouritesCoredata.xcdatamodeld in Sources */,
				CA3B650627B29B9900B488A6 /* EventsData.swift in Sources */,
				81C93CF227B3184B0003EB52 /* FavouritesPresenter.swift in Sources */,
				CA6D625727ABF58D0043A92E /* APILinks.swift in Sources */,
				CA51613327B1CC3F005BCDA5 /* RouterTeamDetails.swift in Sources */,
				811EAFFA27A9BC32008226F3 /* LeaguesVC.swift in Sources */,
				81DADB4027A4094300543B4C /* ViewController.swift in Sources */,
				8116EDD127A99FBC00C1B456 /* HomePresenter.swift in Sources */,
				810E874327B2B6AA00DFCC51 /* UpcomingCell.swift in Sources */,
				81DEEF8B27B075A600E7D464 /* TeamsCell.swift in Sources */,
				811EAFFE27A9D410008226F3 /* LeaguesData.swift in Sources */,
				81D6413A27AF1D6100094E36 /* LeaguesDetailsVC.swift in Sources */,
				817D284F27A4B92200406AE2 /* FavouritesVC.swift in Sources */,
				CAB7C2DB27AD7E4A001A2A32 /* Router.swift in Sources */,
				81DADB3C27A4094300543B4C /* AppDelegate.swift in Sources */,
				812F089F27B6AACB0076F1FD /* NetworkMonitor.swift in Sources */,
				81EDEE7C27B5F83E005E5959 /* RouterFavourites.swift in Sources */,
				81C93CED27B30D3F0003EB52 /* CoredataManager.swift in Sources */,
				81DADB5827A40C4A00543B4C /* HomeVC.swift in Sources */,
				81D6413427AF13DD00094E36 /* SportsData.swift in Sources */,
				817D285127A4B95B00406AE2 /* LeagueCell.swift in Sources */,
				81D6414427AF25ED00094E36 /* LeaguesDetailsPresenter.swift in Sources */,
				8116EDCD27A99BC000C1B456 /* APIService.swift in Sources */,
				CA50D22527AF4104007F9D5C /* TeamsData.swift in Sources */,
				CA51613527B1CCCA005BCDA5 /* TeamDetailsPresenter.swift in Sources */,
				81DADB3E27A4094300543B4C /* SceneDelegate.swift in Sources */,
			);
			runOnlyForDeploymentPostprocessing = 0;
		};
		CA58AF2D27B69FBF00D481A2 /* Sources */ = {
			isa = PBXSourcesBuildPhase;
			buildActionMask = 2147483647;
			files = (
				CA58AF3427B69FBF00D481A2 /* SportAppTests.swift in Sources */,
			);
			runOnlyForDeploymentPostprocessing = 0;
		};
/* End PBXSourcesBuildPhase section */

/* Begin PBXTargetDependency section */
		CA58AF3727B69FBF00D481A2 /* PBXTargetDependency */ = {
			isa = PBXTargetDependency;
			target = 81DADB3727A4094300543B4C /* SportApp */;
			targetProxy = CA58AF3627B69FBF00D481A2 /* PBXContainerItemProxy */;
		};
/* End PBXTargetDependency section */

/* Begin PBXVariantGroup section */
		81DADB4127A4094300543B4C /* Main.storyboard */ = {
			isa = PBXVariantGroup;
			children = (
				81DADB4227A4094300543B4C /* Base */,
			);
			name = Main.storyboard;
			sourceTree = "<group>";
		};
		81DADB4627A4094500543B4C /* LaunchScreen.storyboard */ = {
			isa = PBXVariantGroup;
			children = (
				81DADB4727A4094500543B4C /* Base */,
			);
			name = LaunchScreen.storyboard;
			sourceTree = "<group>";
		};
/* End PBXVariantGroup section */

/* Begin XCBuildConfiguration section */
		81DADB4A27A4094500543B4C /* Debug */ = {
			isa = XCBuildConfiguration;
			buildSettings = {
				ALWAYS_SEARCH_USER_PATHS = NO;
				CLANG_ANALYZER_NONNULL = YES;
				CLANG_ANALYZER_NUMBER_OBJECT_CONVERSION = YES_AGGRESSIVE;
				CLANG_CXX_LANGUAGE_STANDARD = "gnu++14";
				CLANG_CXX_LIBRARY = "libc++";
				CLANG_ENABLE_MODULES = YES;
				CLANG_ENABLE_OBJC_ARC = YES;
				CLANG_ENABLE_OBJC_WEAK = YES;
				CLANG_WARN_BLOCK_CAPTURE_AUTORELEASING = YES;
				CLANG_WARN_BOOL_CONVERSION = YES;
				CLANG_WARN_COMMA = YES;
				CLANG_WARN_CONSTANT_CONVERSION = YES;
				CLANG_WARN_DEPRECATED_OBJC_IMPLEMENTATIONS = YES;
				CLANG_WARN_DIRECT_OBJC_ISA_USAGE = YES_ERROR;
				CLANG_WARN_DOCUMENTATION_COMMENTS = YES;
				CLANG_WARN_EMPTY_BODY = YES;
				CLANG_WARN_ENUM_CONVERSION = YES;
				CLANG_WARN_INFINITE_RECURSION = YES;
				CLANG_WARN_INT_CONVERSION = YES;
				CLANG_WARN_NON_LITERAL_NULL_CONVERSION = YES;
				CLANG_WARN_OBJC_IMPLICIT_RETAIN_SELF = YES;
				CLANG_WARN_OBJC_LITERAL_CONVERSION = YES;
				CLANG_WARN_OBJC_ROOT_CLASS = YES_ERROR;
				CLANG_WARN_RANGE_LOOP_ANALYSIS = YES;
				CLANG_WARN_STRICT_PROTOTYPES = YES;
				CLANG_WARN_SUSPICIOUS_MOVE = YES;
				CLANG_WARN_UNGUARDED_AVAILABILITY = YES_AGGRESSIVE;
				CLANG_WARN_UNREACHABLE_CODE = YES;
				CLANG_WARN__DUPLICATE_METHOD_MATCH = YES;
				COPY_PHASE_STRIP = NO;
				DEBUG_INFORMATION_FORMAT = dwarf;
				ENABLE_STRICT_OBJC_MSGSEND = YES;
				ENABLE_TESTABILITY = YES;
				GCC_C_LANGUAGE_STANDARD = gnu11;
				GCC_DYNAMIC_NO_PIC = NO;
				GCC_NO_COMMON_BLOCKS = YES;
				GCC_OPTIMIZATION_LEVEL = 0;
				GCC_PREPROCESSOR_DEFINITIONS = (
					"DEBUG=1",
					"$(inherited)",
				);
				GCC_WARN_64_TO_32_BIT_CONVERSION = YES;
				GCC_WARN_ABOUT_RETURN_TYPE = YES_ERROR;
				GCC_WARN_UNDECLARED_SELECTOR = YES;
				GCC_WARN_UNINITIALIZED_AUTOS = YES_AGGRESSIVE;
				GCC_WARN_UNUSED_FUNCTION = YES;
				GCC_WARN_UNUSED_VARIABLE = YES;
				IPHONEOS_DEPLOYMENT_TARGET = 13.5;
				MTL_ENABLE_DEBUG_INFO = INCLUDE_SOURCE;
				MTL_FAST_MATH = YES;
				ONLY_ACTIVE_ARCH = YES;
				SDKROOT = iphoneos;
				SWIFT_ACTIVE_COMPILATION_CONDITIONS = DEBUG;
				SWIFT_OPTIMIZATION_LEVEL = "-Onone";
			};
			name = Debug;
		};
		81DADB4B27A4094500543B4C /* Release */ = {
			isa = XCBuildConfiguration;
			buildSettings = {
				ALWAYS_SEARCH_USER_PATHS = NO;
				CLANG_ANALYZER_NONNULL = YES;
				CLANG_ANALYZER_NUMBER_OBJECT_CONVERSION = YES_AGGRESSIVE;
				CLANG_CXX_LANGUAGE_STANDARD = "gnu++14";
				CLANG_CXX_LIBRARY = "libc++";
				CLANG_ENABLE_MODULES = YES;
				CLANG_ENABLE_OBJC_ARC = YES;
				CLANG_ENABLE_OBJC_WEAK = YES;
				CLANG_WARN_BLOCK_CAPTURE_AUTORELEASING = YES;
				CLANG_WARN_BOOL_CONVERSION = YES;
				CLANG_WARN_COMMA = YES;
				CLANG_WARN_CONSTANT_CONVERSION = YES;
				CLANG_WARN_DEPRECATED_OBJC_IMPLEMENTATIONS = YES;
				CLANG_WARN_DIRECT_OBJC_ISA_USAGE = YES_ERROR;
				CLANG_WARN_DOCUMENTATION_COMMENTS = YES;
				CLANG_WARN_EMPTY_BODY = YES;
				CLANG_WARN_ENUM_CONVERSION = YES;
				CLANG_WARN_INFINITE_RECURSION = YES;
				CLANG_WARN_INT_CONVERSION = YES;
				CLANG_WARN_NON_LITERAL_NULL_CONVERSION = YES;
				CLANG_WARN_OBJC_IMPLICIT_RETAIN_SELF = YES;
				CLANG_WARN_OBJC_LITERAL_CONVERSION = YES;
				CLANG_WARN_OBJC_ROOT_CLASS = YES_ERROR;
				CLANG_WARN_RANGE_LOOP_ANALYSIS = YES;
				CLANG_WARN_STRICT_PROTOTYPES = YES;
				CLANG_WARN_SUSPICIOUS_MOVE = YES;
				CLANG_WARN_UNGUARDED_AVAILABILITY = YES_AGGRESSIVE;
				CLANG_WARN_UNREACHABLE_CODE = YES;
				CLANG_WARN__DUPLICATE_METHOD_MATCH = YES;
				COPY_PHASE_STRIP = NO;
				DEBUG_INFORMATION_FORMAT = "dwarf-with-dsym";
				ENABLE_NS_ASSERTIONS = NO;
				ENABLE_STRICT_OBJC_MSGSEND = YES;
				GCC_C_LANGUAGE_STANDARD = gnu11;
				GCC_NO_COMMON_BLOCKS = YES;
				GCC_WARN_64_TO_32_BIT_CONVERSION = YES;
				GCC_WARN_ABOUT_RETURN_TYPE = YES_ERROR;
				GCC_WARN_UNDECLARED_SELECTOR = YES;
				GCC_WARN_UNINITIALIZED_AUTOS = YES_AGGRESSIVE;
				GCC_WARN_UNUSED_FUNCTION = YES;
				GCC_WARN_UNUSED_VARIABLE = YES;
				IPHONEOS_DEPLOYMENT_TARGET = 13.5;
				MTL_ENABLE_DEBUG_INFO = NO;
				MTL_FAST_MATH = YES;
				SDKROOT = iphoneos;
				SWIFT_COMPILATION_MODE = wholemodule;
				SWIFT_OPTIMIZATION_LEVEL = "-O";
				VALIDATE_PRODUCT = YES;
			};
			name = Release;
		};
		81DADB4D27A4094500543B4C /* Debug */ = {
			isa = XCBuildConfiguration;
			baseConfigurationReference = 7B016C512A8B38D2903E198B /* Pods-SportApp.debug.xcconfig */;
			buildSettings = {
				ASSETCATALOG_COMPILER_APPICON_NAME = AppIcon;
				CODE_SIGN_STYLE = Automatic;
				INFOPLIST_FILE = SportApp/Info.plist;
				LD_RUNPATH_SEARCH_PATHS = (
					"$(inherited)",
					"@executable_path/Frameworks",
				);
				PRODUCT_BUNDLE_IDENTIFIER = ea.SportApp;
				PRODUCT_NAME = "$(TARGET_NAME)";
				SWIFT_VERSION = 5.0;
				TARGETED_DEVICE_FAMILY = "1,2";
			};
			name = Debug;
		};
		81DADB4E27A4094500543B4C /* Release */ = {
			isa = XCBuildConfiguration;
			baseConfigurationReference = BE72577204D785A53D9F49E6 /* Pods-SportApp.release.xcconfig */;
			buildSettings = {
				ASSETCATALOG_COMPILER_APPICON_NAME = AppIcon;
				CODE_SIGN_STYLE = Automatic;
				INFOPLIST_FILE = SportApp/Info.plist;
				LD_RUNPATH_SEARCH_PATHS = (
					"$(inherited)",
					"@executable_path/Frameworks",
				);
				PRODUCT_BUNDLE_IDENTIFIER = ea.SportApp;
				PRODUCT_NAME = "$(TARGET_NAME)";
				SWIFT_VERSION = 5.0;
				TARGETED_DEVICE_FAMILY = "1,2";
			};
			name = Release;
		};
		CA58AF3827B69FBF00D481A2 /* Debug */ = {
			isa = XCBuildConfiguration;
			buildSettings = {
				BUNDLE_LOADER = "$(TEST_HOST)";
				CODE_SIGN_STYLE = Automatic;
				INFOPLIST_FILE = SportAppTests/Info.plist;
				LD_RUNPATH_SEARCH_PATHS = (
					"$(inherited)",
					"@executable_path/Frameworks",
					"@loader_path/Frameworks",
				);
				PRODUCT_BUNDLE_IDENTIFIER = "th-h.SportAppTests";
				PRODUCT_NAME = "$(TARGET_NAME)";
				SWIFT_VERSION = 5.0;
				TARGETED_DEVICE_FAMILY = "1,2";
				TEST_HOST = "$(BUILT_PRODUCTS_DIR)/SportApp.app/SportApp";
			};
			name = Debug;
		};
		CA58AF3927B69FBF00D481A2 /* Release */ = {
			isa = XCBuildConfiguration;
			buildSettings = {
				BUNDLE_LOADER = "$(TEST_HOST)";
				CODE_SIGN_STYLE = Automatic;
				INFOPLIST_FILE = SportAppTests/Info.plist;
				LD_RUNPATH_SEARCH_PATHS = (
					"$(inherited)",
					"@executable_path/Frameworks",
					"@loader_path/Frameworks",
				);
				PRODUCT_BUNDLE_IDENTIFIER = "th-h.SportAppTests";
				PRODUCT_NAME = "$(TARGET_NAME)";
				SWIFT_VERSION = 5.0;
				TARGETED_DEVICE_FAMILY = "1,2";
				TEST_HOST = "$(BUILT_PRODUCTS_DIR)/SportApp.app/SportApp";
			};
			name = Release;
		};
/* End XCBuildConfiguration section */

/* Begin XCConfigurationList section */
		81DADB3327A4094300543B4C /* Build configuration list for PBXProject "SportApp" */ = {
			isa = XCConfigurationList;
			buildConfigurations = (
				81DADB4A27A4094500543B4C /* Debug */,
				81DADB4B27A4094500543B4C /* Release */,
			);
			defaultConfigurationIsVisible = 0;
			defaultConfigurationName = Release;
		};
		81DADB4C27A4094500543B4C /* Build configuration list for PBXNativeTarget "SportApp" */ = {
			isa = XCConfigurationList;
			buildConfigurations = (
				81DADB4D27A4094500543B4C /* Debug */,
				81DADB4E27A4094500543B4C /* Release */,
			);
			defaultConfigurationIsVisible = 0;
			defaultConfigurationName = Release;
		};
		CA58AF3A27B69FBF00D481A2 /* Build configuration list for PBXNativeTarget "SportAppTests" */ = {
			isa = XCConfigurationList;
			buildConfigurations = (
				CA58AF3827B69FBF00D481A2 /* Debug */,
				CA58AF3927B69FBF00D481A2 /* Release */,
			);
			defaultConfigurationIsVisible = 0;
			defaultConfigurationName = Release;
		};
/* End XCConfigurationList section */

/* Begin XCVersionGroup section */
		81C93CE927B309710003EB52 /* FavouritesCoredata.xcdatamodeld */ = {
			isa = XCVersionGroup;
			children = (
				81C93CEA27B309710003EB52 /* FavouritesCoredata.xcdatamodel */,
			);
			currentVersion = 81C93CEA27B309710003EB52 /* FavouritesCoredata.xcdatamodel */;
			path = FavouritesCoredata.xcdatamodeld;
			sourceTree = "<group>";
			versionGroupType = wrapper.xcdatamodel;
		};
/* End XCVersionGroup section */
	};
	rootObject = 81DADB3027A4094300543B4C /* Project object */;
}
